<?xml version="1.0" encoding="utf-8"?>
<Project ToolsVersion="4.0" xmlns="http://schemas.microsoft.com/developer/msbuild/2003">
  <ItemGroup>
    <Filter Include="Hazel">
      <UniqueIdentifier>{99294D0D-053E-75BE-CEBF-181E3A9371EF}</UniqueIdentifier>
    </Filter>
    <Filter Include="Hazel\Core">
      <UniqueIdentifier>{91354D71-7DED-8EBE-E6F4-671AD2CB29AF}</UniqueIdentifier>
    </Filter>
    <Filter Include="Hazel\Events">
      <UniqueIdentifier>{5DEF92FE-4952-22A3-F2D7-5A59DE19EE25}</UniqueIdentifier>
    </Filter>
    <Filter Include="Hazel\ImGui">
      <UniqueIdentifier>{83AD5E9B-EF62-D790-7857-D167E40BCE94}</UniqueIdentifier>
    </Filter>
    <Filter Include="Hazel\Platform">
      <UniqueIdentifier>{0D422A0B-F90F-1E11-E2A3-8E37CE10FA75}</UniqueIdentifier>
    </Filter>
    <Filter Include="Hazel\Platform\Windows">
      <UniqueIdentifier>{47A9AB1A-33A3-D46C-1C10-6B7D08A93AD9}</UniqueIdentifier>
    </Filter>
  </ItemGroup>
  <ItemGroup>
    <ClInclude Include="src\Hazel.h" />
    <ClInclude Include="src\Hazel\Core\Application.h">
      <Filter>Hazel\Core</Filter>
    </ClInclude>
    <ClInclude Include="src\Hazel\Core\Base.h">
      <Filter>Hazel\Core</Filter>
    </ClInclude>
    <ClInclude Include="src\Hazel\Core\Core.h">
      <Filter>Hazel\Core</Filter>
    </ClInclude>
    <ClInclude Include="src\Hazel\Core\EntryPoint.h">
      <Filter>Hazel\Core</Filter>
    </ClInclude>
    <ClInclude Include="src\Hazel\Core\KeyCodes.h">
      <Filter>Hazel\Core</Filter>
    </ClInclude>
    <ClInclude Include="src\Hazel\Core\Layer.h">
      <Filter>Hazel\Core</Filter>
    </ClInclude>
    <ClInclude Include="src\Hazel\Core\LayerStack.h">
      <Filter>Hazel\Core</Filter>
    </ClInclude>
    <ClInclude Include="src\Hazel\Core\Log.h">
      <Filter>Hazel\Core</Filter>
    </ClInclude>
    <ClInclude Include="src\Hazel\Core\MouseCodes.h">
      <Filter>Hazel\Core</Filter>
    </ClInclude>
    <ClInclude Include="src\Hazel\Core\Window.h">
      <Filter>Hazel\Core</Filter>
    </ClInclude>
    <ClInclude Include="src\Hazel\Events\ApplicationEvent.h">
      <Filter>Hazel\Events</Filter>
    </ClInclude>
    <ClInclude Include="src\Hazel\Events\Event.h">
      <Filter>Hazel\Events</Filter>
    </ClInclude>
    <ClInclude Include="src\Hazel\Events\KeyEvent.h">
      <Filter>Hazel\Events</Filter>
    </ClInclude>
    <ClInclude Include="src\Hazel\Events\MouseEvent.h">
      <Filter>Hazel\Events</Filter>
    </ClInclude>
    <ClInclude Include="src\Hazel\ImGui\ImGuiLayer.h">
      <Filter>Hazel\ImGui</Filter>
    </ClInclude>
    <ClInclude Include="src\Hazel\Platform\Windows\WindowsWindow.h">
      <Filter>Hazel\Platform\Windows</Filter>
    </ClInclude>
    <ClInclude Include="src\hzpch.h" />
    <ClInclude Include="src\Hazel\Platform\OpenGL\ImGuiOpenGLRenderer.h" />
  </ItemGroup>
  <ItemGroup>
    <ClCompile Include="src\Hazel\Core\Application.cpp">
      <Filter>Hazel\Core</Filter>
    </ClCompile>
    <ClCompile Include="src\Hazel\Core\Layer.cpp">
      <Filter>Hazel\Core</Filter>
    </ClCompile>
    <ClCompile Include="src\Hazel\Core\LayerStack.cpp">
      <Filter>Hazel\Core</Filter>
    </ClCompile>
    <ClCompile Include="src\Hazel\Core\Log.cpp">
      <Filter>Hazel\Core</Filter>
    </ClCompile>
    <ClCompile Include="src\Hazel\Platform\Windows\WindowsWindow.cpp">
      <Filter>Hazel\Platform\Windows</Filter>
    </ClCompile>
    <ClCompile Include="src\hzpch.cpp" />
    <ClCompile Include="src\Hazel\Platform\OpenGL\ImGuiOpenGLRenderer.cpp" />
    <ClCompile Include="src\Hazel\ImGui\ImGuiLayer.cpp">
      <Filter>Hazel\ImGui</Filter>
    </ClCompile>
  </ItemGroup>
</Project>